// !$*UTF8*$!
{
	archiveVersion = 1;
	classes = {
	};
	objectVersion = 77;
	objects = {

/* Begin PBXBuildFile section */
		0A29142082346E13ED546BCB /* AppTheme.swift in Sources */ = {isa = PBXBuildFile; fileRef = 442B83834CC48A3D5F205EBD /* AppTheme.swift */; };
		0F9AA7F2F8BD3513A14195F1 /* Sheet.swift in Sources */ = {isa = PBXBuildFile; fileRef = B1677C1641FD4D677A5956F0 /* Sheet.swift */; };
		1DD8F5239672751B177458D7 /* SystemButtons.swift in Sources */ = {isa = PBXBuildFile; fileRef = 84EFC6324F50F13B94D76404 /* SystemButtons.swift */; };
		1E4E82045BAD1598F7F7B025 /* Persistence.swift in Sources */ = {isa = PBXBuildFile; fileRef = 7D0835CFFA502238F15FA0EE /* Persistence.swift */; };
		23598BE78C533120032F6CB8 /* RootTabView.swift in Sources */ = {isa = PBXBuildFile; fileRef = 9773E57BEA81A62E51680424 /* RootTabView.swift */; };
		34F658192D61A31C8F278B9B /* String+Trimmed.swift in Sources */ = {isa = PBXBuildFile; fileRef = D8BA58F25C55B33C7CEAE4D6 /* String+Trimmed.swift */; };
		352EA02544CCFA1801F7E341 /* FieldDefinition.swift in Sources */ = {isa = PBXBuildFile; fileRef = A5CCDCB1C343B42645A4528B /* FieldDefinition.swift */; };
		3680C1C17F23C026AB7F318D /* FieldDefinitionEditorView.swift in Sources */ = {isa = PBXBuildFile; fileRef = 872F529DA66D4683CDE3A53A /* FieldDefinitionEditorView.swift */; };
		3ABDA83A26BD7C6C82C25BCE /* Palette.swift in Sources */ = {isa = PBXBuildFile; fileRef = AE8CC93531EE1DBA0965F1EC /* Palette.swift */; };
		3B4E38F12E1DA08DEBF6A3A9 /* Template.swift in Sources */ = {isa = PBXBuildFile; fileRef = 9A856DE74CBFED3958063ED4 /* Template.swift */; };
		54809AF794D4930394743073 /* SheetSortOrder.swift in Sources */ = {isa = PBXBuildFile; fileRef = A3A9C478455C8F3F4CC87BB6 /* SheetSortOrder.swift */; };
		6BCEDE75DB305C95F2226707 /* Sortable.swift in Sources */ = {isa = PBXBuildFile; fileRef = F9D2AE7A20C9353BB99E6DBD /* Sortable.swift */; };
		827372ED4CF83808AFDE77E0 /* IconGrid.swift in Sources */ = {isa = PBXBuildFile; fileRef = B507E3A33359DCD6087A7CAB /* IconGrid.swift */; };
		96CEDE487913A9ABF6BF7F82 /* TemplateEditorView.swift in Sources */ = {isa = PBXBuildFile; fileRef = 5AAC1769FB8765AEBAE8DBEC /* TemplateEditorView.swift */; };
		9EC14C17ADCF6B3E2DCA9629 /* Assets.xcassets in Resources */ = {isa = PBXBuildFile; fileRef = 5CF4FA58F15633FA05D0FA99 /* Assets.xcassets */; };
		A4CD825288E68F54395692B7 /* SampleData.swift in Sources */ = {isa = PBXBuildFile; fileRef = 0A126504BCA37E3AFD266A9C /* SampleData.swift */; };
		A5FD2282D544721F57D65601 /* TemplateCategory.swift in Sources */ = {isa = PBXBuildFile; fileRef = 948EB55F2231324AAAF62788 /* TemplateCategory.swift */; };
		AAE5C3ACB8BE98BF27784579 /* CategoryRow.swift in Sources */ = {isa = PBXBuildFile; fileRef = 143CB74738A301E05172C0B7 /* CategoryRow.swift */; };
		AC4C589EA707998F878C1F9D /* TemplateIconTile.swift in Sources */ = {isa = PBXBuildFile; fileRef = 9A5B02F2D8449DB83268045B /* TemplateIconTile.swift */; };
		B6E5F8A610DCED60064EA13B /* SheetListView.swift in Sources */ = {isa = PBXBuildFile; fileRef = 9E030781E97B42BFC57308FB /* SheetListView.swift */; };
		C9B48EF15496A8FCA23CD70C /* Color+Hex.swift in Sources */ = {isa = PBXBuildFile; fileRef = 23B461AB21E83DFF55E4F640 /* Color+Hex.swift */; };
		CB1E08373017FDE201BE82C2 /* SheetEditorView.swift in Sources */ = {isa = PBXBuildFile; fileRef = 77BB7A0BD1A51CD7E9CF2EE5 /* SheetEditorView.swift */; };
		CD7C0DB72FBA67163C7AF14B /* SettingsView.swift in Sources */ = {isa = PBXBuildFile; fileRef = 2C15314EB0C35E3EAC6D7DD5 /* SettingsView.swift */; };
		E17D96B6AF0B026E1243169F /* LogLoopApp.swift in Sources */ = {isa = PBXBuildFile; fileRef = F13AFA79D52E728312076A2E /* LogLoopApp.swift */; };
		F8E0CEB254E8C56B19B68A4F /* TemplateListView.swift in Sources */ = {isa = PBXBuildFile; fileRef = 941A86EF9C86E3A9EC23AA32 /* TemplateListView.swift */; };
/* End PBXBuildFile section */

/* Begin PBXFileReference section */
		0A126504BCA37E3AFD266A9C /* SampleData.swift */ = {isa = PBXFileReference; lastKnownFileType = sourcecode.swift; path = SampleData.swift; sourceTree = "<group>"; };
		143CB74738A301E05172C0B7 /* CategoryRow.swift */ = {isa = PBXFileReference; lastKnownFileType = sourcecode.swift; path = CategoryRow.swift; sourceTree = "<group>"; };
		23B461AB21E83DFF55E4F640 /* Color+Hex.swift */ = {isa = PBXFileReference; lastKnownFileType = sourcecode.swift; path = "Color+Hex.swift"; sourceTree = "<group>"; };
		2C15314EB0C35E3EAC6D7DD5 /* SettingsView.swift */ = {isa = PBXFileReference; lastKnownFileType = sourcecode.swift; path = SettingsView.swift; sourceTree = "<group>"; };
		442B83834CC48A3D5F205EBD /* AppTheme.swift */ = {isa = PBXFileReference; lastKnownFileType = sourcecode.swift; path = AppTheme.swift; sourceTree = "<group>"; };
		5AAC1769FB8765AEBAE8DBEC /* TemplateEditorView.swift */ = {isa = PBXFileReference; lastKnownFileType = sourcecode.swift; path = TemplateEditorView.swift; sourceTree = "<group>"; };
		5CF4FA58F15633FA05D0FA99 /* Assets.xcassets */ = {isa = PBXFileReference; lastKnownFileType = folder.assetcatalog; path = Assets.xcassets; sourceTree = "<group>"; };
		77BB7A0BD1A51CD7E9CF2EE5 /* SheetEditorView.swift */ = {isa = PBXFileReference; lastKnownFileType = sourcecode.swift; path = SheetEditorView.swift; sourceTree = "<group>"; };
		7D0835CFFA502238F15FA0EE /* Persistence.swift */ = {isa = PBXFileReference; lastKnownFileType = sourcecode.swift; path = Persistence.swift; sourceTree = "<group>"; };
		84EFC6324F50F13B94D76404 /* SystemButtons.swift */ = {isa = PBXFileReference; lastKnownFileType = sourcecode.swift; path = SystemButtons.swift; sourceTree = "<group>"; };
		872F529DA66D4683CDE3A53A /* FieldDefinitionEditorView.swift */ = {isa = PBXFileReference; lastKnownFileType = sourcecode.swift; path = FieldDefinitionEditorView.swift; sourceTree = "<group>"; };
		941A86EF9C86E3A9EC23AA32 /* TemplateListView.swift */ = {isa = PBXFileReference; lastKnownFileType = sourcecode.swift; path = TemplateListView.swift; sourceTree = "<group>"; };
		948EB55F2231324AAAF62788 /* TemplateCategory.swift */ = {isa = PBXFileReference; lastKnownFileType = sourcecode.swift; path = TemplateCategory.swift; sourceTree = "<group>"; };
		9773E57BEA81A62E51680424 /* RootTabView.swift */ = {isa = PBXFileReference; lastKnownFileType = sourcecode.swift; path = RootTabView.swift; sourceTree = "<group>"; };
		9A5B02F2D8449DB83268045B /* TemplateIconTile.swift */ = {isa = PBXFileReference; lastKnownFileType = sourcecode.swift; path = TemplateIconTile.swift; sourceTree = "<group>"; };
		9A856DE74CBFED3958063ED4 /* Template.swift */ = {isa = PBXFileReference; lastKnownFileType = sourcecode.swift; path = Template.swift; sourceTree = "<group>"; };
		9E030781E97B42BFC57308FB /* SheetListView.swift */ = {isa = PBXFileReference; lastKnownFileType = sourcecode.swift; path = SheetListView.swift; sourceTree = "<group>"; };
		A3A9C478455C8F3F4CC87BB6 /* SheetSortOrder.swift */ = {isa = PBXFileReference; lastKnownFileType = sourcecode.swift; path = SheetSortOrder.swift; sourceTree = "<group>"; };
		A5CCDCB1C343B42645A4528B /* FieldDefinition.swift */ = {isa = PBXFileReference; lastKnownFileType = sourcecode.swift; path = FieldDefinition.swift; sourceTree = "<group>"; };
		AE8CC93531EE1DBA0965F1EC /* Palette.swift */ = {isa = PBXFileReference; lastKnownFileType = sourcecode.swift; path = Palette.swift; sourceTree = "<group>"; };
		B1677C1641FD4D677A5956F0 /* Sheet.swift */ = {isa = PBXFileReference; lastKnownFileType = sourcecode.swift; path = Sheet.swift; sourceTree = "<group>"; };
		B507E3A33359DCD6087A7CAB /* IconGrid.swift */ = {isa = PBXFileReference; lastKnownFileType = sourcecode.swift; path = IconGrid.swift; sourceTree = "<group>"; };
		D8BA58F25C55B33C7CEAE4D6 /* String+Trimmed.swift */ = {isa = PBXFileReference; lastKnownFileType = sourcecode.swift; path = "String+Trimmed.swift"; sourceTree = "<group>"; };
		F13AFA79D52E728312076A2E /* LogLoopApp.swift */ = {isa = PBXFileReference; lastKnownFileType = sourcecode.swift; path = LogLoopApp.swift; sourceTree = "<group>"; };
		F9D2AE7A20C9353BB99E6DBD /* Sortable.swift */ = {isa = PBXFileReference; lastKnownFileType = sourcecode.swift; path = Sortable.swift; sourceTree = "<group>"; };
		FC4B1782A6D5BAAF45F9669F /* LogLoop.app */ = {isa = PBXFileReference; includeInIndex = 0; lastKnownFileType = wrapper.application; path = LogLoop.app; sourceTree = BUILT_PRODUCTS_DIR; };
/* End PBXFileReference section */

/* Begin PBXGroup section */
		044954BBF0D9A47A87B42CD8 /* Shared */ = {
			isa = PBXGroup;
			children = (
				442B83834CC48A3D5F205EBD /* AppTheme.swift */,
				AE8CC93531EE1DBA0965F1EC /* Palette.swift */,
				E99B484602E75F656972B887 /* Components */,
				E7B2AF0CB3830E3C18D59887 /* Extensions */,
			);
			path = Shared;
			sourceTree = "<group>";
		};
		239DAF952F2F607835ADBB16 /* Models */ = {
			isa = PBXGroup;
			children = (
				A5CCDCB1C343B42645A4528B /* FieldDefinition.swift */,
				B1677C1641FD4D677A5956F0 /* Sheet.swift */,
				F9D2AE7A20C9353BB99E6DBD /* Sortable.swift */,
				9A856DE74CBFED3958063ED4 /* Template.swift */,
				948EB55F2231324AAAF62788 /* TemplateCategory.swift */,
				36A833C4DEBA69860F1E5840 /* Persistence */,
			);
			path = Models;
			sourceTree = "<group>";
		};
		2D33C9A2EEF44B8A896F4F67 /* App */ = {
			isa = PBXGroup;
			children = (
				F13AFA79D52E728312076A2E /* LogLoopApp.swift */,
				9773E57BEA81A62E51680424 /* RootTabView.swift */,
			);
			path = App;
			sourceTree = "<group>";
		};
		36A833C4DEBA69860F1E5840 /* Persistence */ = {
			isa = PBXGroup;
			children = (
				7D0835CFFA502238F15FA0EE /* Persistence.swift */,
				0A126504BCA37E3AFD266A9C /* SampleData.swift */,
			);
			path = Persistence;
			sourceTree = "<group>";
		};
		37651D04AD15F6EEDA19E825 /* Features */ = {
			isa = PBXGroup;
			children = (
				8F0FEAE58471F61D64B1B5CC /* Settings */,
				4E74BFFD2D3DD56C9279F7A7 /* Sheets */,
				B1F599AE18F27941039BA0F4 /* Templates */,
			);
			path = Features;
			sourceTree = "<group>";
		};
		4D9F470175A323F067F9B66B /* Resources */ = {
			isa = PBXGroup;
			children = (
				5CF4FA58F15633FA05D0FA99 /* Assets.xcassets */,
			);
			path = Resources;
			sourceTree = "<group>";
		};
		4E74BFFD2D3DD56C9279F7A7 /* Sheets */ = {
			isa = PBXGroup;
			children = (
				77BB7A0BD1A51CD7E9CF2EE5 /* SheetEditorView.swift */,
				9E030781E97B42BFC57308FB /* SheetListView.swift */,
				A3A9C478455C8F3F4CC87BB6 /* SheetSortOrder.swift */,
			);
			path = Sheets;
			sourceTree = "<group>";
		};
		8E1DDBF1B6DCAEC1AB5D46D9 /* LogLoop */ = {
			isa = PBXGroup;
			children = (
				4D9F470175A323F067F9B66B /* Resources */,
				A84BCCD16E014000ABA67DA5 /* Sources */,
			);
			path = LogLoop;
			sourceTree = "<group>";
		};
		8F0FEAE58471F61D64B1B5CC /* Settings */ = {
			isa = PBXGroup;
			children = (
				2C15314EB0C35E3EAC6D7DD5 /* SettingsView.swift */,
			);
			path = Settings;
			sourceTree = "<group>";
		};
		A84BCCD16E014000ABA67DA5 /* Sources */ = {
			isa = PBXGroup;
			children = (
				2D33C9A2EEF44B8A896F4F67 /* App */,
				37651D04AD15F6EEDA19E825 /* Features */,
				239DAF952F2F607835ADBB16 /* Models */,
				044954BBF0D9A47A87B42CD8 /* Shared */,
			);
			path = Sources;
			sourceTree = "<group>";
		};
		B1F599AE18F27941039BA0F4 /* Templates */ = {
			isa = PBXGroup;
			children = (
				872F529DA66D4683CDE3A53A /* FieldDefinitionEditorView.swift */,
				5AAC1769FB8765AEBAE8DBEC /* TemplateEditorView.swift */,
				941A86EF9C86E3A9EC23AA32 /* TemplateListView.swift */,
				BAAB2A1C9A04F3B9EA465CAC /* Components */,
			);
			path = Templates;
			sourceTree = "<group>";
		};
		BAAB2A1C9A04F3B9EA465CAC /* Components */ = {
			isa = PBXGroup;
			children = (
				143CB74738A301E05172C0B7 /* CategoryRow.swift */,
				B507E3A33359DCD6087A7CAB /* IconGrid.swift */,
				9A5B02F2D8449DB83268045B /* TemplateIconTile.swift */,
			);
			path = Components;
			sourceTree = "<group>";
		};
		E5F4F9D5763403FDEA3924A5 = {
			isa = PBXGroup;
			children = (
				8E1DDBF1B6DCAEC1AB5D46D9 /* LogLoop */,
				F1737BC515B8FE5DA68C5AAE /* Products */,
			);
			sourceTree = "<group>";
		};
		E7B2AF0CB3830E3C18D59887 /* Extensions */ = {
			isa = PBXGroup;
			children = (
				23B461AB21E83DFF55E4F640 /* Color+Hex.swift */,
				D8BA58F25C55B33C7CEAE4D6 /* String+Trimmed.swift */,
			);
			path = Extensions;
			sourceTree = "<group>";
		};
		E99B484602E75F656972B887 /* Components */ = {
			isa = PBXGroup;
			children = (
				84EFC6324F50F13B94D76404 /* SystemButtons.swift */,
			);
			path = Components;
			sourceTree = "<group>";
		};
		F1737BC515B8FE5DA68C5AAE /* Products */ = {
			isa = PBXGroup;
			children = (
				FC4B1782A6D5BAAF45F9669F /* LogLoop.app */,
			);
			name = Products;
			sourceTree = "<group>";
		};
/* End PBXGroup section */

/* Begin PBXNativeTarget section */
		191BEC4997572D8FD7235251 /* LogLoop */ = {
			isa = PBXNativeTarget;
			buildConfigurationList = 8849CC883168C4AD07EE2A26 /* Build configuration list for PBXNativeTarget "LogLoop" */;
			buildPhases = (
				1BAA8CD1EA504D150C828B12 /* Sources */,
				7853186B35126E291AA518A8 /* Resources */,
			);
			buildRules = (
			);
			dependencies = (
			);
			name = LogLoop;
			packageProductDependencies = (
			);
			productName = LogLoop;
			productReference = FC4B1782A6D5BAAF45F9669F /* LogLoop.app */;
			productType = "com.apple.product-type.application";
		};
/* End PBXNativeTarget section */

/* Begin PBXProject section */
		397567526B4B672359A3FE72 /* Project object */ = {
			isa = PBXProject;
			attributes = {
				BuildIndependentTargetsInParallel = YES;
				LastUpgradeCheck = 1430;
				TargetAttributes = {
					191BEC4997572D8FD7235251 = {
						DevelopmentTeam = 3Q9W5CC298;
						ProvisioningStyle = Automatic;
					};
				};
			};
			buildConfigurationList = 090ADB69A2AE48C2F1D6B609 /* Build configuration list for PBXProject "LogLoop" */;
			developmentRegion = en;
			hasScannedForEncodings = 0;
			knownRegions = (
				Base,
				en,
			);
			mainGroup = E5F4F9D5763403FDEA3924A5;
			minimizedProjectReferenceProxies = 1;
			preferredProjectObjectVersion = 77;
			productRefGroup = F1737BC515B8FE5DA68C5AAE /* Products */;
			projectDirPath = "";
			projectRoot = "";
			targets = (
				191BEC4997572D8FD7235251 /* LogLoop */,
			);
		};
/* End PBXProject section */

/* Begin PBXResourcesBuildPhase section */
		7853186B35126E291AA518A8 /* Resources */ = {
			isa = PBXResourcesBuildPhase;
			buildActionMask = 2147483647;
			files = (
				9EC14C17ADCF6B3E2DCA9629 /* Assets.xcassets in Resources */,
			);
			runOnlyForDeploymentPostprocessing = 0;
		};
/* End PBXResourcesBuildPhase section */

/* Begin PBXSourcesBuildPhase section */
		1BAA8CD1EA504D150C828B12 /* Sources */ = {
			isa = PBXSourcesBuildPhase;
			buildActionMask = 2147483647;
			files = (
				0A29142082346E13ED546BCB /* AppTheme.swift in Sources */,
				AAE5C3ACB8BE98BF27784579 /* CategoryRow.swift in Sources */,
				C9B48EF15496A8FCA23CD70C /* Color+Hex.swift in Sources */,
				352EA02544CCFA1801F7E341 /* FieldDefinition.swift in Sources */,
				3680C1C17F23C026AB7F318D /* FieldDefinitionEditorView.swift in Sources */,
				827372ED4CF83808AFDE77E0 /* IconGrid.swift in Sources */,
				E17D96B6AF0B026E1243169F /* LogLoopApp.swift in Sources */,
				3ABDA83A26BD7C6C82C25BCE /* Palette.swift in Sources */,
				1E4E82045BAD1598F7F7B025 /* Persistence.swift in Sources */,
				23598BE78C533120032F6CB8 /* RootTabView.swift in Sources */,
				A4CD825288E68F54395692B7 /* SampleData.swift in Sources */,
				CD7C0DB72FBA67163C7AF14B /* SettingsView.swift in Sources */,
				0F9AA7F2F8BD3513A14195F1 /* Sheet.swift in Sources */,
				CB1E08373017FDE201BE82C2 /* SheetEditorView.swift in Sources */,
				B6E5F8A610DCED60064EA13B /* SheetListView.swift in Sources */,
				54809AF794D4930394743073 /* SheetSortOrder.swift in Sources */,
				6BCEDE75DB305C95F2226707 /* Sortable.swift in Sources */,
				34F658192D61A31C8F278B9B /* String+Trimmed.swift in Sources */,
				1DD8F5239672751B177458D7 /* SystemButtons.swift in Sources */,
				3B4E38F12E1DA08DEBF6A3A9 /* Template.swift in Sources */,
				A5FD2282D544721F57D65601 /* TemplateCategory.swift in Sources */,
				96CEDE487913A9ABF6BF7F82 /* TemplateEditorView.swift in Sources */,
				AC4C589EA707998F878C1F9D /* TemplateIconTile.swift in Sources */,
				F8E0CEB254E8C56B19B68A4F /* TemplateListView.swift in Sources */,
			);
			runOnlyForDeploymentPostprocessing = 0;
		};
/* End PBXSourcesBuildPhase section */

/* Begin XCBuildConfiguration section */
		1C371F3D611517B3F39E8722 /* Release */ = {
			isa = XCBuildConfiguration;
			buildSettings = {
				ASSETCATALOG_COMPILER_APPICON_NAME = AppIcon;
				ASSETCATALOG_COMPILER_GLOBAL_ACCENT_COLOR_NAME = AccentColor;
				CODE_SIGN_IDENTITY = "iPhone Developer";
				CODE_SIGN_STYLE = Automatic;
				CURRENT_PROJECT_VERSION = 1;
				DEVELOPMENT_TEAM = 3Q9W5CC298;
				GENERATE_INFOPLIST_FILE = NO;
				INFOPLIST_FILE = LogLoop/Info.plist;
				LD_RUNPATH_SEARCH_PATHS = (
					"$(inherited)",
					"@executable_path/Frameworks",
				);
				MARKETING_VERSION = 1.0;
				PRODUCT_BUNDLE_IDENTIFIER = com.cloudrift.logloop;
				SDKROOT = iphoneos;
				SWIFT_VERSION = 5.0;
				TARGETED_DEVICE_FAMILY = 1;
			};
			name = Release;
		};
		261FC9AF9C3FF320070C4A82 /* Debug */ = {
			isa = XCBuildConfiguration;
			buildSettings = {
				ASSETCATALOG_COMPILER_APPICON_NAME = AppIcon;
				ASSETCATALOG_COMPILER_GLOBAL_ACCENT_COLOR_NAME = AccentColor;
				CODE_SIGN_IDENTITY = "iPhone Developer";
				CODE_SIGN_STYLE = Automatic;
				CURRENT_PROJECT_VERSION = 1;
				DEVELOPMENT_TEAM = 3Q9W5CC298;
				GENERATE_INFOPLIST_FILE = NO;
				INFOPLIST_FILE = LogLoop/Info.plist;
				LD_RUNPATH_SEARCH_PATHS = (
					"$(inherited)",
					"@executable_path/Frameworks",
				);
				MARKETING_VERSION = 1.0;
				PRODUCT_BUNDLE_IDENTIFIER = com.cloudrift.logloop;
				SDKROOT = iphoneos;
				SWIFT_VERSION = 5.0;
				TARGETED_DEVICE_FAMILY = 1;
			};
			name = Debug;
		};
		4E6DBBA5A3165A344EECBB97 /* Debug */ = {
			isa = XCBuildConfiguration;
			buildSettings = {
				ALWAYS_SEARCH_USER_PATHS = NO;
				CLANG_ANALYZER_NONNULL = YES;
				CLANG_ANALYZER_NUMBER_OBJECT_CONVERSION = YES_AGGRESSIVE;
				CLANG_CXX_LANGUAGE_STANDARD = "gnu++14";
				CLANG_CXX_LIBRARY = "libc++";
				CLANG_ENABLE_MODULES = YES;
				CLANG_ENABLE_OBJC_ARC = YES;
				CLANG_ENABLE_OBJC_WEAK = YES;
				CLANG_WARN_BLOCK_CAPTURE_AUTORELEASING = YES;
				CLANG_WARN_BOOL_CONVERSION = YES;
				CLANG_WARN_COMMA = YES;
				CLANG_WARN_CONSTANT_CONVERSION = YES;
				CLANG_WARN_DEPRECATED_OBJC_IMPLEMENTATIONS = YES;
				CLANG_WARN_DIRECT_OBJC_ISA_USAGE = YES_ERROR;
				CLANG_WARN_DOCUMENTATION_COMMENTS = YES;
				CLANG_WARN_EMPTY_BODY = YES;
				CLANG_WARN_ENUM_CONVERSION = YES;
				CLANG_WARN_INFINITE_RECURSION = YES;
				CLANG_WARN_INT_CONVERSION = YES;
				CLANG_WARN_NON_LITERAL_NULL_CONVERSION = YES;
				CLANG_WARN_OBJC_IMPLICIT_RETAIN_SELF = YES;
				CLANG_WARN_OBJC_LITERAL_CONVERSION = YES;
				CLANG_WARN_OBJC_ROOT_CLASS = YES_ERROR;
				CLANG_WARN_QUOTED_INCLUDE_IN_FRAMEWORK_HEADER = YES;
				CLANG_WARN_RANGE_LOOP_ANALYSIS = YES;
				CLANG_WARN_STRICT_PROTOTYPES = YES;
				CLANG_WARN_SUSPICIOUS_MOVE = YES;
				CLANG_WARN_UNGUARDED_AVAILABILITY = YES_AGGRESSIVE;
				CLANG_WARN_UNREACHABLE_CODE = YES;
				CLANG_WARN__DUPLICATE_METHOD_MATCH = YES;
				COPY_PHASE_STRIP = NO;
				DEBUG_INFORMATION_FORMAT = dwarf;
				ENABLE_STRICT_OBJC_MSGSEND = YES;
				ENABLE_TESTABILITY = YES;
				GCC_C_LANGUAGE_STANDARD = gnu11;
				GCC_DYNAMIC_NO_PIC = NO;
				GCC_NO_COMMON_BLOCKS = YES;
				GCC_OPTIMIZATION_LEVEL = 0;
				GCC_PREPROCESSOR_DEFINITIONS = (
					"$(inherited)",
					"DEBUG=1",
				);
				GCC_WARN_64_TO_32_BIT_CONVERSION = YES;
				GCC_WARN_ABOUT_RETURN_TYPE = YES_ERROR;
				GCC_WARN_UNDECLARED_SELECTOR = YES;
				GCC_WARN_UNINITIALIZED_AUTOS = YES_AGGRESSIVE;
				GCC_WARN_UNUSED_FUNCTION = YES;
				GCC_WARN_UNUSED_VARIABLE = YES;
				IPHONEOS_DEPLOYMENT_TARGET = 17.0;
				MTL_ENABLE_DEBUG_INFO = INCLUDE_SOURCE;
				MTL_FAST_MATH = YES;
				ONLY_ACTIVE_ARCH = YES;
				PRODUCT_NAME = "$(TARGET_NAME)";
				SDKROOT = iphoneos;
				SWIFT_ACTIVE_COMPILATION_CONDITIONS = DEBUG;
				SWIFT_OPTIMIZATION_LEVEL = "-Onone";
				SWIFT_VERSION = 5.0;
			};
			name = Debug;
		};
		D64DDA8CE8DD5CEDBC825ACE /* Release */ = {
			isa = XCBuildConfiguration;
			buildSettings = {
				ALWAYS_SEARCH_USER_PATHS = NO;
				CLANG_ANALYZER_NONNULL = YES;
				CLANG_ANALYZER_NUMBER_OBJECT_CONVERSION = YES_AGGRESSIVE;
				CLANG_CXX_LANGUAGE_STANDARD = "gnu++14";
				CLANG_CXX_LIBRARY = "libc++";
				CLANG_ENABLE_MODULES = YES;
				CLANG_ENABLE_OBJC_ARC = YES;
				CLANG_ENABLE_OBJC_WEAK = YES;
				CLANG_WARN_BLOCK_CAPTURE_AUTORELEASING = YES;
				CLANG_WARN_BOOL_CONVERSION = YES;
				CLANG_WARN_COMMA = YES;
				CLANG_WARN_CONSTANT_CONVERSION = YES;
				CLANG_WARN_DEPRECATED_OBJC_IMPLEMENTATIONS = YES;
				CLANG_WARN_DIRECT_OBJC_ISA_USAGE = YES_ERROR;
				CLANG_WARN_DOCUMENTATION_COMMENTS = YES;
				CLANG_WARN_EMPTY_BODY = YES;
				CLANG_WARN_ENUM_CONVERSION = YES;
				CLANG_WARN_INFINITE_RECURSION = YES;
				CLANG_WARN_INT_CONVERSION = YES;
				CLANG_WARN_NON_LITERAL_NULL_CONVERSION = YES;
				CLANG_WARN_OBJC_IMPLICIT_RETAIN_SELF = YES;
				CLANG_WARN_OBJC_LITERAL_CONVERSION = YES;
				CLANG_WARN_OBJC_ROOT_CLASS = YES_ERROR;
				CLANG_WARN_QUOTED_INCLUDE_IN_FRAMEWORK_HEADER = YES;
				CLANG_WARN_RANGE_LOOP_ANALYSIS = YES;
				CLANG_WARN_STRICT_PROTOTYPES = YES;
				CLANG_WARN_SUSPICIOUS_MOVE = YES;
				CLANG_WARN_UNGUARDED_AVAILABILITY = YES_AGGRESSIVE;
				CLANG_WARN_UNREACHABLE_CODE = YES;
				CLANG_WARN__DUPLICATE_METHOD_MATCH = YES;
				COPY_PHASE_STRIP = NO;
				DEBUG_INFORMATION_FORMAT = "dwarf-with-dsym";
				ENABLE_NS_ASSERTIONS = NO;
				ENABLE_STRICT_OBJC_MSGSEND = YES;
				GCC_C_LANGUAGE_STANDARD = gnu11;
				GCC_NO_COMMON_BLOCKS = YES;
				GCC_WARN_64_TO_32_BIT_CONVERSION = YES;
				GCC_WARN_ABOUT_RETURN_TYPE = YES_ERROR;
				GCC_WARN_UNDECLARED_SELECTOR = YES;
				GCC_WARN_UNINITIALIZED_AUTOS = YES_AGGRESSIVE;
				GCC_WARN_UNUSED_FUNCTION = YES;
				GCC_WARN_UNUSED_VARIABLE = YES;
				IPHONEOS_DEPLOYMENT_TARGET = 17.0;
				MTL_ENABLE_DEBUG_INFO = NO;
				MTL_FAST_MATH = YES;
				PRODUCT_NAME = "$(TARGET_NAME)";
				SDKROOT = iphoneos;
				SWIFT_COMPILATION_MODE = wholemodule;
				SWIFT_OPTIMIZATION_LEVEL = "-O";
				SWIFT_VERSION = 5.0;
			};
			name = Release;
		};
/* End XCBuildConfiguration section */

/* Begin XCConfigurationList section */
		090ADB69A2AE48C2F1D6B609 /* Build configuration list for PBXProject "LogLoop" */ = {
			isa = XCConfigurationList;
			buildConfigurations = (
				4E6DBBA5A3165A344EECBB97 /* Debug */,
				D64DDA8CE8DD5CEDBC825ACE /* Release */,
			);
			defaultConfigurationIsVisible = 0;
			defaultConfigurationName = Debug;
		};
		8849CC883168C4AD07EE2A26 /* Build configuration list for PBXNativeTarget "LogLoop" */ = {
			isa = XCConfigurationList;
			buildConfigurations = (
				261FC9AF9C3FF320070C4A82 /* Debug */,
				1C371F3D611517B3F39E8722 /* Release */,
			);
			defaultConfigurationIsVisible = 0;
			defaultConfigurationName = Debug;
		};
/* End XCConfigurationList section */
	};
	rootObject = 397567526B4B672359A3FE72 /* Project object */;
}
