// !$*UTF8*$!
{
	archiveVersion = 1;
	classes = {
	};
	objectVersion = 77;
	objects = {

/* Begin PBXBuildFile section */
		0865BC191998F572774C9826 /* WeekManagerView.swift in Sources */ = {isa = PBXBuildFile; fileRef = F18530643D3AEA0D0697925D /* WeekManagerView.swift */; };
		0910FBDEE4B4D07E4F5CEFEC /* Exercise.swift in Sources */ = {isa = PBXBuildFile; fileRef = 0A065A49AD35BA5D704567F7 /* Exercise.swift */; };
		107A8AECB38465419543F005 /* AudioAlertService.swift in Sources */ = {isa = PBXBuildFile; fileRef = 55248D66FC4BAFC54C1742D3 /* AudioAlertService.swift */; };
		15040A11901E0BAFBCD8C95C /* Enums.swift in Sources */ = {isa = PBXBuildFile; fileRef = D7C9C15E58F253D78806F001 /* Enums.swift */; };
		1DAF0BA3BCBFD4A3FA021183 /* FieldValue.swift in Sources */ = {isa = PBXBuildFile; fileRef = 16F85EC83625D5FB380E305E /* FieldValue.swift */; };
		23598BE78C533120032F6CB8 /* RootTabView.swift in Sources */ = {isa = PBXBuildFile; fileRef = 9773E57BEA81A62E51680424 /* RootTabView.swift */; };
		352EA02544CCFA1801F7E341 /* FieldDefinition.swift in Sources */ = {isa = PBXBuildFile; fileRef = A5CCDCB1C343B42645A4528B /* FieldDefinition.swift */; };
		3680C1C17F23C026AB7F318D /* FieldDefinitionEditorView.swift in Sources */ = {isa = PBXBuildFile; fileRef = 872F529DA66D4683CDE3A53A /* FieldDefinitionEditorView.swift */; };
		3B4E38F12E1DA08DEBF6A3A9 /* Template.swift in Sources */ = {isa = PBXBuildFile; fileRef = 9A856DE74CBFED3958063ED4 /* Template.swift */; };
		3F196C47CD555D69F08CCB4B /* SampleData.swift in Sources */ = {isa = PBXBuildFile; fileRef = AA6CC9C366BBDC5BBF3C9F07 /* SampleData.swift */; };
		3F30B4CC4A97D433719E62B5 /* DurationPicker.swift in Sources */ = {isa = PBXBuildFile; fileRef = 3A78964B2C02B111DF6E81C2 /* DurationPicker.swift */; };
		479A84C4A9CDBDF1F149270A /* silence.caf in Resources */ = {isa = PBXBuildFile; fileRef = 41DB19157E62AB7DB5FDBC9A /* silence.caf */; };
		4C66AE114031FB92F698ABBE /* PracticePlan.swift in Sources */ = {isa = PBXBuildFile; fileRef = B3EC84333C61C91F7FECB232 /* PracticePlan.swift */; };
		5470B63420EEDDF35FE8FEDF /* AppDelegate.swift in Sources */ = {isa = PBXBuildFile; fileRef = 2CD7BB661C3CF9D93FAE4C04 /* AppDelegate.swift */; };
		5CAB41B97B9129D952C69220 /* ExerciseSheet.swift in Sources */ = {isa = PBXBuildFile; fileRef = 7D7F9C813E67C44B14891A88 /* ExerciseSheet.swift */; };
		6237BAB805269D23127A7808 /* CountdownRing.swift in Sources */ = {isa = PBXBuildFile; fileRef = 0AC2382052CDE18F44EBB2DD /* CountdownRing.swift */; };
		72B1C5AFFF6A97C5921FC96A /* PracticeEngine.swift in Sources */ = {isa = PBXBuildFile; fileRef = 14AFCB0A58443441FA4A05E2 /* PracticeEngine.swift */; };
		7306B56096DAC46834DD5A17 /* PracticeSummaryView.swift in Sources */ = {isa = PBXBuildFile; fileRef = A9316183F5B1270C271CC230 /* PracticeSummaryView.swift */; };
		73CCD32F1BB2D456AB4A7DA6 /* SheetWeek.swift in Sources */ = {isa = PBXBuildFile; fileRef = 5E00A4587835E563DEC01AC5 /* SheetWeek.swift */; };
		74101DFF0FABB0706AB58D1B /* PracticeSession.swift in Sources */ = {isa = PBXBuildFile; fileRef = BE628687B6068E68F87B5124 /* PracticeSession.swift */; };
		807C1C84F20871FE375F0A23 /* Theme.swift in Sources */ = {isa = PBXBuildFile; fileRef = BA37FED7D3D73F31F83782DE /* Theme.swift */; };
		821F33227AB9210BE805A8E9 /* IdleTimerGuard.swift in Sources */ = {isa = PBXBuildFile; fileRef = C440688F5373C6134573A26D /* IdleTimerGuard.swift */; };
		8AD00820534BDF7B67FD7CCE /* SessionListView.swift in Sources */ = {isa = PBXBuildFile; fileRef = D2D7BC7C0783F888EEFBA168 /* SessionListView.swift */; };
		92C6E030D6273B6B7260146F /* Formatters.swift in Sources */ = {isa = PBXBuildFile; fileRef = 5756A8A041C9357FF9D1CA34 /* Formatters.swift */; };
		96CEDE487913A9ABF6BF7F82 /* TemplateEditorView.swift in Sources */ = {isa = PBXBuildFile; fileRef = 5AAC1769FB8765AEBAE8DBEC /* TemplateEditorView.swift */; };
		971AE350137D5AAD39F0EDF7 /* EmptyStateView.swift in Sources */ = {isa = PBXBuildFile; fileRef = 0D828FD7A25FC9CFC192C583 /* EmptyStateView.swift */; };
		9EC14C17ADCF6B3E2DCA9629 /* Assets.xcassets in Resources */ = {isa = PBXBuildFile; fileRef = 5CF4FA58F15633FA05D0FA99 /* Assets.xcassets */; };
		A5FD2282D544721F57D65601 /* TemplateCategory.swift in Sources */ = {isa = PBXBuildFile; fileRef = 948EB55F2231324AAAF62788 /* TemplateCategory.swift */; };
		A8011E00672F0A05E9C517F9 /* NotificationScheduler.swift in Sources */ = {isa = PBXBuildFile; fileRef = 32104D8D7A15A9C7C6F9F456 /* NotificationScheduler.swift */; };
		AE5BC49C2B436ED6796A18F2 /* ExerciseEditorView.swift in Sources */ = {isa = PBXBuildFile; fileRef = BFCB2AA73900D48A2B6D518A /* ExerciseEditorView.swift */; };
		B3F35039D562282C01588D3C /* SessionEntry.swift in Sources */ = {isa = PBXBuildFile; fileRef = 77D58A41E87B9F627894683F /* SessionEntry.swift */; };
		B6E5F8A610DCED60064EA13B /* SheetListView.swift in Sources */ = {isa = PBXBuildFile; fileRef = 9E030781E97B42BFC57308FB /* SheetListView.swift */; };
		B8740FFB6378DA9B9C507118 /* SheetDetailView.swift in Sources */ = {isa = PBXBuildFile; fileRef = D1305439DE1BD3DC647A9DBD /* SheetDetailView.swift */; };
		D6FFA6760A449E0F1DB7CAD4 /* PracticeRunnerView.swift in Sources */ = {isa = PBXBuildFile; fileRef = 39564E13DF1217864F9A96B3 /* PracticeRunnerView.swift */; };
		DD85EA1B96E79D2DA15EA8C3 /* SessionDetailView.swift in Sources */ = {isa = PBXBuildFile; fileRef = CC10670DDFC4D42BAB50728B /* SessionDetailView.swift */; };
		DFBF96FCDD628316DFF10EA6 /* NewSheetFlowView.swift in Sources */ = {isa = PBXBuildFile; fileRef = D5A4DE8E8755E06583A3E829 /* NewSheetFlowView.swift */; };
		E17D96B6AF0B026E1243169F /* LogLoopApp.swift in Sources */ = {isa = PBXBuildFile; fileRef = F13AFA79D52E728312076A2E /* LogLoopApp.swift */; };
		E2FB5CA39FFB5C8E941D9F51 /* alert.caf in Resources */ = {isa = PBXBuildFile; fileRef = 34C49E636323DFBBB25345B6 /* alert.caf */; };
		F8E0CEB254E8C56B19B68A4F /* TemplateListView.swift in Sources */ = {isa = PBXBuildFile; fileRef = 941A86EF9C86E3A9EC23AA32 /* TemplateListView.swift */; };
/* End PBXBuildFile section */

/* Begin PBXFileReference section */
		0A065A49AD35BA5D704567F7 /* Exercise.swift */ = {isa = PBXFileReference; lastKnownFileType = sourcecode.swift; path = Exercise.swift; sourceTree = "<group>"; };
		0AC2382052CDE18F44EBB2DD /* CountdownRing.swift */ = {isa = PBXFileReference; lastKnownFileType = sourcecode.swift; path = CountdownRing.swift; sourceTree = "<group>"; };
		0D828FD7A25FC9CFC192C583 /* EmptyStateView.swift */ = {isa = PBXFileReference; lastKnownFileType = sourcecode.swift; path = EmptyStateView.swift; sourceTree = "<group>"; };
		14AFCB0A58443441FA4A05E2 /* PracticeEngine.swift */ = {isa = PBXFileReference; lastKnownFileType = sourcecode.swift; path = PracticeEngine.swift; sourceTree = "<group>"; };
		16F85EC83625D5FB380E305E /* FieldValue.swift */ = {isa = PBXFileReference; lastKnownFileType = sourcecode.swift; path = FieldValue.swift; sourceTree = "<group>"; };
		2CD7BB661C3CF9D93FAE4C04 /* AppDelegate.swift */ = {isa = PBXFileReference; lastKnownFileType = sourcecode.swift; path = AppDelegate.swift; sourceTree = "<group>"; };
		32104D8D7A15A9C7C6F9F456 /* NotificationScheduler.swift */ = {isa = PBXFileReference; lastKnownFileType = sourcecode.swift; path = NotificationScheduler.swift; sourceTree = "<group>"; };
		34C49E636323DFBBB25345B6 /* alert.caf */ = {isa = PBXFileReference; lastKnownFileType = file; path = alert.caf; sourceTree = "<group>"; };
		39564E13DF1217864F9A96B3 /* PracticeRunnerView.swift */ = {isa = PBXFileReference; lastKnownFileType = sourcecode.swift; path = PracticeRunnerView.swift; sourceTree = "<group>"; };
		3A78964B2C02B111DF6E81C2 /* DurationPicker.swift */ = {isa = PBXFileReference; lastKnownFileType = sourcecode.swift; path = DurationPicker.swift; sourceTree = "<group>"; };
		41DB19157E62AB7DB5FDBC9A /* silence.caf */ = {isa = PBXFileReference; lastKnownFileType = file; path = silence.caf; sourceTree = "<group>"; };
		55248D66FC4BAFC54C1742D3 /* AudioAlertService.swift */ = {isa = PBXFileReference; lastKnownFileType = sourcecode.swift; path = AudioAlertService.swift; sourceTree = "<group>"; };
		5756A8A041C9357FF9D1CA34 /* Formatters.swift */ = {isa = PBXFileReference; lastKnownFileType = sourcecode.swift; path = Formatters.swift; sourceTree = "<group>"; };
		5AAC1769FB8765AEBAE8DBEC /* TemplateEditorView.swift */ = {isa = PBXFileReference; lastKnownFileType = sourcecode.swift; path = TemplateEditorView.swift; sourceTree = "<group>"; };
		5CF4FA58F15633FA05D0FA99 /* Assets.xcassets */ = {isa = PBXFileReference; lastKnownFileType = folder.assetcatalog; path = Assets.xcassets; sourceTree = "<group>"; };
		5E00A4587835E563DEC01AC5 /* SheetWeek.swift */ = {isa = PBXFileReference; lastKnownFileType = sourcecode.swift; path = SheetWeek.swift; sourceTree = "<group>"; };
		77D58A41E87B9F627894683F /* SessionEntry.swift */ = {isa = PBXFileReference; lastKnownFileType = sourcecode.swift; path = SessionEntry.swift; sourceTree = "<group>"; };
		7D7F9C813E67C44B14891A88 /* ExerciseSheet.swift */ = {isa = PBXFileReference; lastKnownFileType = sourcecode.swift; path = ExerciseSheet.swift; sourceTree = "<group>"; };
		872F529DA66D4683CDE3A53A /* FieldDefinitionEditorView.swift */ = {isa = PBXFileReference; lastKnownFileType = sourcecode.swift; path = FieldDefinitionEditorView.swift; sourceTree = "<group>"; };
		941A86EF9C86E3A9EC23AA32 /* TemplateListView.swift */ = {isa = PBXFileReference; lastKnownFileType = sourcecode.swift; path = TemplateListView.swift; sourceTree = "<group>"; };
		948EB55F2231324AAAF62788 /* TemplateCategory.swift */ = {isa = PBXFileReference; lastKnownFileType = sourcecode.swift; path = TemplateCategory.swift; sourceTree = "<group>"; };
		9773E57BEA81A62E51680424 /* RootTabView.swift */ = {isa = PBXFileReference; lastKnownFileType = sourcecode.swift; path = RootTabView.swift; sourceTree = "<group>"; };
		9A856DE74CBFED3958063ED4 /* Template.swift */ = {isa = PBXFileReference; lastKnownFileType = sourcecode.swift; path = Template.swift; sourceTree = "<group>"; };
		9E030781E97B42BFC57308FB /* SheetListView.swift */ = {isa = PBXFileReference; lastKnownFileType = sourcecode.swift; path = SheetListView.swift; sourceTree = "<group>"; };
		A5CCDCB1C343B42645A4528B /* FieldDefinition.swift */ = {isa = PBXFileReference; lastKnownFileType = sourcecode.swift; path = FieldDefinition.swift; sourceTree = "<group>"; };
		A9316183F5B1270C271CC230 /* PracticeSummaryView.swift */ = {isa = PBXFileReference; lastKnownFileType = sourcecode.swift; path = PracticeSummaryView.swift; sourceTree = "<group>"; };
		AA6CC9C366BBDC5BBF3C9F07 /* SampleData.swift */ = {isa = PBXFileReference; lastKnownFileType = sourcecode.swift; path = SampleData.swift; sourceTree = "<group>"; };
		B3EC84333C61C91F7FECB232 /* PracticePlan.swift */ = {isa = PBXFileReference; lastKnownFileType = sourcecode.swift; path = PracticePlan.swift; sourceTree = "<group>"; };
		BA37FED7D3D73F31F83782DE /* Theme.swift */ = {isa = PBXFileReference; lastKnownFileType = sourcecode.swift; path = Theme.swift; sourceTree = "<group>"; };
		BE628687B6068E68F87B5124 /* PracticeSession.swift */ = {isa = PBXFileReference; lastKnownFileType = sourcecode.swift; path = PracticeSession.swift; sourceTree = "<group>"; };
		BFCB2AA73900D48A2B6D518A /* ExerciseEditorView.swift */ = {isa = PBXFileReference; lastKnownFileType = sourcecode.swift; path = ExerciseEditorView.swift; sourceTree = "<group>"; };
		C440688F5373C6134573A26D /* IdleTimerGuard.swift */ = {isa = PBXFileReference; lastKnownFileType = sourcecode.swift; path = IdleTimerGuard.swift; sourceTree = "<group>"; };
		CC10670DDFC4D42BAB50728B /* SessionDetailView.swift */ = {isa = PBXFileReference; lastKnownFileType = sourcecode.swift; path = SessionDetailView.swift; sourceTree = "<group>"; };
		D1305439DE1BD3DC647A9DBD /* SheetDetailView.swift */ = {isa = PBXFileReference; lastKnownFileType = sourcecode.swift; path = SheetDetailView.swift; sourceTree = "<group>"; };
		D2D7BC7C0783F888EEFBA168 /* SessionListView.swift */ = {isa = PBXFileReference; lastKnownFileType = sourcecode.swift; path = SessionListView.swift; sourceTree = "<group>"; };
		D5A4DE8E8755E06583A3E829 /* NewSheetFlowView.swift */ = {isa = PBXFileReference; lastKnownFileType = sourcecode.swift; path = NewSheetFlowView.swift; sourceTree = "<group>"; };
		D7C9C15E58F253D78806F001 /* Enums.swift */ = {isa = PBXFileReference; lastKnownFileType = sourcecode.swift; path = Enums.swift; sourceTree = "<group>"; };
		F13AFA79D52E728312076A2E /* LogLoopApp.swift */ = {isa = PBXFileReference; lastKnownFileType = sourcecode.swift; path = LogLoopApp.swift; sourceTree = "<group>"; };
		F18530643D3AEA0D0697925D /* WeekManagerView.swift */ = {isa = PBXFileReference; lastKnownFileType = sourcecode.swift; path = WeekManagerView.swift; sourceTree = "<group>"; };
		FC4B1782A6D5BAAF45F9669F /* LogLoop.app */ = {isa = PBXFileReference; explicitFileType = wrapper.application; includeInIndex = 0; path = LogLoop.app; sourceTree = BUILT_PRODUCTS_DIR; };
/* End PBXFileReference section */

/* Begin PBXGroup section */
		044954BBF0D9A47A87B42CD8 /* Shared */ = {
			isa = PBXGroup;
			children = (
				0AC2382052CDE18F44EBB2DD /* CountdownRing.swift */,
				3A78964B2C02B111DF6E81C2 /* DurationPicker.swift */,
				0D828FD7A25FC9CFC192C583 /* EmptyStateView.swift */,
				5756A8A041C9357FF9D1CA34 /* Formatters.swift */,
				BA37FED7D3D73F31F83782DE /* Theme.swift */,
			);
			path = Shared;
			sourceTree = "<group>";
		};
		239DAF952F2F607835ADBB16 /* Models */ = {
			isa = PBXGroup;
			children = (
				D7C9C15E58F253D78806F001 /* Enums.swift */,
				0A065A49AD35BA5D704567F7 /* Exercise.swift */,
				7D7F9C813E67C44B14891A88 /* ExerciseSheet.swift */,
				A5CCDCB1C343B42645A4528B /* FieldDefinition.swift */,
				16F85EC83625D5FB380E305E /* FieldValue.swift */,
				BE628687B6068E68F87B5124 /* PracticeSession.swift */,
				AA6CC9C366BBDC5BBF3C9F07 /* SampleData.swift */,
				77D58A41E87B9F627894683F /* SessionEntry.swift */,
				5E00A4587835E563DEC01AC5 /* SheetWeek.swift */,
				9A856DE74CBFED3958063ED4 /* Template.swift */,
				948EB55F2231324AAAF62788 /* TemplateCategory.swift */,
			);
			path = Models;
			sourceTree = "<group>";
		};
		2D33C9A2EEF44B8A896F4F67 /* App */ = {
			isa = PBXGroup;
			children = (
				2CD7BB661C3CF9D93FAE4C04 /* AppDelegate.swift */,
				F13AFA79D52E728312076A2E /* LogLoopApp.swift */,
				9773E57BEA81A62E51680424 /* RootTabView.swift */,
			);
			path = App;
			sourceTree = "<group>";
		};
		37651D04AD15F6EEDA19E825 /* Features */ = {
			isa = PBXGroup;
			children = (
				C6146204BB4E57695A2C413F /* History */,
				A306030B78DA586B2A2BE4A6 /* Practice */,
				4E74BFFD2D3DD56C9279F7A7 /* Sheets */,
				B1F599AE18F27941039BA0F4 /* Templates */,
			);
			path = Features;
			sourceTree = "<group>";
		};
		4D9F470175A323F067F9B66B /* Resources */ = {
			isa = PBXGroup;
			children = (
				34C49E636323DFBBB25345B6 /* alert.caf */,
				5CF4FA58F15633FA05D0FA99 /* Assets.xcassets */,
				41DB19157E62AB7DB5FDBC9A /* silence.caf */,
			);
			path = Resources;
			sourceTree = "<group>";
		};
		4E74BFFD2D3DD56C9279F7A7 /* Sheets */ = {
			isa = PBXGroup;
			children = (
				BFCB2AA73900D48A2B6D518A /* ExerciseEditorView.swift */,
				D5A4DE8E8755E06583A3E829 /* NewSheetFlowView.swift */,
				D1305439DE1BD3DC647A9DBD /* SheetDetailView.swift */,
				9E030781E97B42BFC57308FB /* SheetListView.swift */,
				F18530643D3AEA0D0697925D /* WeekManagerView.swift */,
			);
			path = Sheets;
			sourceTree = "<group>";
		};
		5FCC7353D9AD50AD8361614C /* Practice */ = {
			isa = PBXGroup;
			children = (
				55248D66FC4BAFC54C1742D3 /* AudioAlertService.swift */,
				C440688F5373C6134573A26D /* IdleTimerGuard.swift */,
				32104D8D7A15A9C7C6F9F456 /* NotificationScheduler.swift */,
				14AFCB0A58443441FA4A05E2 /* PracticeEngine.swift */,
				B3EC84333C61C91F7FECB232 /* PracticePlan.swift */,
			);
			path = Practice;
			sourceTree = "<group>";
		};
		8E1DDBF1B6DCAEC1AB5D46D9 /* LogLoop */ = {
			isa = PBXGroup;
			children = (
				4D9F470175A323F067F9B66B /* Resources */,
				A84BCCD16E014000ABA67DA5 /* Sources */,
			);
			path = LogLoop;
			sourceTree = "<group>";
		};
		A306030B78DA586B2A2BE4A6 /* Practice */ = {
			isa = PBXGroup;
			children = (
				39564E13DF1217864F9A96B3 /* PracticeRunnerView.swift */,
				A9316183F5B1270C271CC230 /* PracticeSummaryView.swift */,
			);
			path = Practice;
			sourceTree = "<group>";
		};
		A84BCCD16E014000ABA67DA5 /* Sources */ = {
			isa = PBXGroup;
			children = (
				2D33C9A2EEF44B8A896F4F67 /* App */,
				37651D04AD15F6EEDA19E825 /* Features */,
				239DAF952F2F607835ADBB16 /* Models */,
				5FCC7353D9AD50AD8361614C /* Practice */,
				044954BBF0D9A47A87B42CD8 /* Shared */,
			);
			path = Sources;
			sourceTree = "<group>";
		};
		B1F599AE18F27941039BA0F4 /* Templates */ = {
			isa = PBXGroup;
			children = (
				872F529DA66D4683CDE3A53A /* FieldDefinitionEditorView.swift */,
				5AAC1769FB8765AEBAE8DBEC /* TemplateEditorView.swift */,
				941A86EF9C86E3A9EC23AA32 /* TemplateListView.swift */,
			);
			path = Templates;
			sourceTree = "<group>";
		};
		C6146204BB4E57695A2C413F /* History */ = {
			isa = PBXGroup;
			children = (
				CC10670DDFC4D42BAB50728B /* SessionDetailView.swift */,
				D2D7BC7C0783F888EEFBA168 /* SessionListView.swift */,
			);
			path = History;
			sourceTree = "<group>";
		};
		E5F4F9D5763403FDEA3924A5 = {
			isa = PBXGroup;
			children = (
				8E1DDBF1B6DCAEC1AB5D46D9 /* LogLoop */,
				F1737BC515B8FE5DA68C5AAE /* Products */,
			);
			sourceTree = "<group>";
		};
		F1737BC515B8FE5DA68C5AAE /* Products */ = {
			isa = PBXGroup;
			children = (
				FC4B1782A6D5BAAF45F9669F /* LogLoop.app */,
			);
			name = Products;
			sourceTree = "<group>";
		};
/* End PBXGroup section */

/* Begin PBXNativeTarget section */
		191BEC4997572D8FD7235251 /* LogLoop */ = {
			isa = PBXNativeTarget;
			buildConfigurationList = 8849CC883168C4AD07EE2A26 /* Build configuration list for PBXNativeTarget "LogLoop" */;
			buildPhases = (
				1BAA8CD1EA504D150C828B12 /* Sources */,
				7853186B35126E291AA518A8 /* Resources */,
			);
			buildRules = (
			);
			dependencies = (
			);
			name = LogLoop;
			packageProductDependencies = (
			);
			productName = LogLoop;
			productReference = FC4B1782A6D5BAAF45F9669F /* LogLoop.app */;
			productType = "com.apple.product-type.application";
		};
/* End PBXNativeTarget section */

/* Begin PBXProject section */
		397567526B4B672359A3FE72 /* Project object */ = {
			isa = PBXProject;
			attributes = {
				BuildIndependentTargetsInParallel = YES;
				LastUpgradeCheck = 2700;
				TargetAttributes = {
					191BEC4997572D8FD7235251 = {
						DevelopmentTeam = ELD4A89N37;
						ProvisioningStyle = Automatic;
					};
				};
			};
			buildConfigurationList = 090ADB69A2AE48C2F1D6B609 /* Build configuration list for PBXProject "LogLoop" */;
			developmentRegion = en;
			hasScannedForEncodings = 0;
			knownRegions = (
				Base,
				en,
			);
			mainGroup = E5F4F9D5763403FDEA3924A5;
			minimizedProjectReferenceProxies = 1;
			preferredProjectObjectVersion = 77;
			productRefGroup = F1737BC515B8FE5DA68C5AAE /* Products */;
			projectDirPath = "";
			projectRoot = "";
			targets = (
				191BEC4997572D8FD7235251 /* LogLoop */,
			);
		};
/* End PBXProject section */

/* Begin PBXResourcesBuildPhase section */
		7853186B35126E291AA518A8 /* Resources */ = {
			isa = PBXResourcesBuildPhase;
			buildActionMask = 2147483647;
			files = (
				9EC14C17ADCF6B3E2DCA9629 /* Assets.xcassets in Resources */,
				E2FB5CA39FFB5C8E941D9F51 /* alert.caf in Resources */,
				479A84C4A9CDBDF1F149270A /* silence.caf in Resources */,
			);
			runOnlyForDeploymentPostprocessing = 0;
		};
/* End PBXResourcesBuildPhase section */

/* Begin PBXSourcesBuildPhase section */
		1BAA8CD1EA504D150C828B12 /* Sources */ = {
			isa = PBXSourcesBuildPhase;
			buildActionMask = 2147483647;
			files = (
				5470B63420EEDDF35FE8FEDF /* AppDelegate.swift in Sources */,
				107A8AECB38465419543F005 /* AudioAlertService.swift in Sources */,
				6237BAB805269D23127A7808 /* CountdownRing.swift in Sources */,
				3F30B4CC4A97D433719E62B5 /* DurationPicker.swift in Sources */,
				971AE350137D5AAD39F0EDF7 /* EmptyStateView.swift in Sources */,
				15040A11901E0BAFBCD8C95C /* Enums.swift in Sources */,
				0910FBDEE4B4D07E4F5CEFEC /* Exercise.swift in Sources */,
				AE5BC49C2B436ED6796A18F2 /* ExerciseEditorView.swift in Sources */,
				5CAB41B97B9129D952C69220 /* ExerciseSheet.swift in Sources */,
				352EA02544CCFA1801F7E341 /* FieldDefinition.swift in Sources */,
				3680C1C17F23C026AB7F318D /* FieldDefinitionEditorView.swift in Sources */,
				1DAF0BA3BCBFD4A3FA021183 /* FieldValue.swift in Sources */,
				92C6E030D6273B6B7260146F /* Formatters.swift in Sources */,
				821F33227AB9210BE805A8E9 /* IdleTimerGuard.swift in Sources */,
				E17D96B6AF0B026E1243169F /* LogLoopApp.swift in Sources */,
				DFBF96FCDD628316DFF10EA6 /* NewSheetFlowView.swift in Sources */,
				A8011E00672F0A05E9C517F9 /* NotificationScheduler.swift in Sources */,
				72B1C5AFFF6A97C5921FC96A /* PracticeEngine.swift in Sources */,
				4C66AE114031FB92F698ABBE /* PracticePlan.swift in Sources */,
				D6FFA6760A449E0F1DB7CAD4 /* PracticeRunnerView.swift in Sources */,
				74101DFF0FABB0706AB58D1B /* PracticeSession.swift in Sources */,
				7306B56096DAC46834DD5A17 /* PracticeSummaryView.swift in Sources */,
				23598BE78C533120032F6CB8 /* RootTabView.swift in Sources */,
				3F196C47CD555D69F08CCB4B /* SampleData.swift in Sources */,
				DD85EA1B96E79D2DA15EA8C3 /* SessionDetailView.swift in Sources */,
				B3F35039D562282C01588D3C /* SessionEntry.swift in Sources */,
				8AD00820534BDF7B67FD7CCE /* SessionListView.swift in Sources */,
				B8740FFB6378DA9B9C507118 /* SheetDetailView.swift in Sources */,
				B6E5F8A610DCED60064EA13B /* SheetListView.swift in Sources */,
				73CCD32F1BB2D456AB4A7DA6 /* SheetWeek.swift in Sources */,
				3B4E38F12E1DA08DEBF6A3A9 /* Template.swift in Sources */,
				A5FD2282D544721F57D65601 /* TemplateCategory.swift in Sources */,
				96CEDE487913A9ABF6BF7F82 /* TemplateEditorView.swift in Sources */,
				F8E0CEB254E8C56B19B68A4F /* TemplateListView.swift in Sources */,
				807C1C84F20871FE375F0A23 /* Theme.swift in Sources */,
				0865BC191998F572774C9826 /* WeekManagerView.swift in Sources */,
			);
			runOnlyForDeploymentPostprocessing = 0;
		};
/* End PBXSourcesBuildPhase section */

/* Begin XCBuildConfiguration section */
		1C371F3D611517B3F39E8722 /* Release */ = {
			isa = XCBuildConfiguration;
			buildSettings = {
				ASSETCATALOG_COMPILER_APPICON_NAME = AppIcon;
				ASSETCATALOG_COMPILER_GLOBAL_ACCENT_COLOR_NAME = AccentColor;
				CODE_SIGN_IDENTITY = "iPhone Developer";
				CODE_SIGN_STYLE = Automatic;
				CURRENT_PROJECT_VERSION = 1;
				GENERATE_INFOPLIST_FILE = NO;
				INFOPLIST_FILE = LogLoop/Info.plist;
				LD_RUNPATH_SEARCH_PATHS = (
					"$(inherited)",
					"@executable_path/Frameworks",
				);
				MARKETING_VERSION = 1.0;
				PRODUCT_BUNDLE_IDENTIFIER = com.massimoschiavo.logloop;
				SDKROOT = iphoneos;
				SWIFT_VERSION = 5.0;
				TARGETED_DEVICE_FAMILY = 1;
			};
			name = Release;
		};
		261FC9AF9C3FF320070C4A82 /* Debug */ = {
			isa = XCBuildConfiguration;
			buildSettings = {
				ASSETCATALOG_COMPILER_APPICON_NAME = AppIcon;
				ASSETCATALOG_COMPILER_GLOBAL_ACCENT_COLOR_NAME = AccentColor;
				CODE_SIGN_IDENTITY = "iPhone Developer";
				CODE_SIGN_STYLE = Automatic;
				CURRENT_PROJECT_VERSION = 1;
				GENERATE_INFOPLIST_FILE = NO;
				INFOPLIST_FILE = LogLoop/Info.plist;
				LD_RUNPATH_SEARCH_PATHS = (
					"$(inherited)",
					"@executable_path/Frameworks",
				);
				MARKETING_VERSION = 1.0;
				PRODUCT_BUNDLE_IDENTIFIER = com.massimoschiavo.logloop;
				SDKROOT = iphoneos;
				SWIFT_VERSION = 5.0;
				TARGETED_DEVICE_FAMILY = 1;
			};
			name = Debug;
		};
		4E6DBBA5A3165A344EECBB97 /* Debug */ = {
			isa = XCBuildConfiguration;
			buildSettings = {
				ALWAYS_SEARCH_USER_PATHS = NO;
				CLANG_ANALYZER_NONNULL = YES;
				CLANG_ANALYZER_NUMBER_OBJECT_CONVERSION = YES_AGGRESSIVE;
				CLANG_CXX_LANGUAGE_STANDARD = "gnu++14";
				CLANG_CXX_LIBRARY = "libc++";
				CLANG_ENABLE_MODULES = YES;
				CLANG_ENABLE_OBJC_ARC = YES;
				CLANG_ENABLE_OBJC_WEAK = YES;
				CLANG_WARN_BLOCK_CAPTURE_AUTORELEASING = YES;
				CLANG_WARN_BOOL_CONVERSION = YES;
				CLANG_WARN_COMMA = YES;
				CLANG_WARN_CONSTANT_CONVERSION = YES;
				CLANG_WARN_DEPRECATED_OBJC_IMPLEMENTATIONS = YES;
				CLANG_WARN_DIRECT_OBJC_ISA_USAGE = YES_ERROR;
				CLANG_WARN_DOCUMENTATION_COMMENTS = YES;
				CLANG_WARN_EMPTY_BODY = YES;
				CLANG_WARN_ENUM_CONVERSION = YES;
				CLANG_WARN_INFINITE_RECURSION = YES;
				CLANG_WARN_INT_CONVERSION = YES;
				CLANG_WARN_NON_LITERAL_NULL_CONVERSION = YES;
				CLANG_WARN_OBJC_IMPLICIT_RETAIN_SELF = YES;
				CLANG_WARN_OBJC_LITERAL_CONVERSION = YES;
				CLANG_WARN_OBJC_ROOT_CLASS = YES_ERROR;
				CLANG_WARN_QUOTED_INCLUDE_IN_FRAMEWORK_HEADER = YES;
				CLANG_WARN_RANGE_LOOP_ANALYSIS = YES;
				CLANG_WARN_STRICT_PROTOTYPES = YES;
				CLANG_WARN_SUSPICIOUS_MOVE = YES;
				CLANG_WARN_UNGUARDED_AVAILABILITY = YES_AGGRESSIVE;
				CLANG_WARN_UNREACHABLE_CODE = YES;
				CLANG_WARN__DUPLICATE_METHOD_MATCH = YES;
				COPY_PHASE_STRIP = NO;
				DEBUG_INFORMATION_FORMAT = dwarf;
				DEVELOPMENT_TEAM = ELD4A89N37;
				ENABLE_STRICT_OBJC_MSGSEND = YES;
				ENABLE_TESTABILITY = YES;
				ENABLE_USER_SCRIPT_SANDBOXING = YES;
				GCC_C_LANGUAGE_STANDARD = gnu11;
				GCC_DYNAMIC_NO_PIC = NO;
				GCC_NO_COMMON_BLOCKS = YES;
				GCC_OPTIMIZATION_LEVEL = 0;
				GCC_PREPROCESSOR_DEFINITIONS = (
					"$(inherited)",
					"DEBUG=1",
				);
				GCC_WARN_64_TO_32_BIT_CONVERSION = YES;
				GCC_WARN_ABOUT_RETURN_TYPE = YES_ERROR;
				GCC_WARN_UNDECLARED_SELECTOR = YES;
				GCC_WARN_UNINITIALIZED_AUTOS = YES_AGGRESSIVE;
				GCC_WARN_UNUSED_FUNCTION = YES;
				GCC_WARN_UNUSED_VARIABLE = YES;
				IPHONEOS_DEPLOYMENT_TARGET = 17.0;
				MTL_ENABLE_DEBUG_INFO = INCLUDE_SOURCE;
				MTL_FAST_MATH = YES;
				ONLY_ACTIVE_ARCH = YES;
				PRODUCT_NAME = "$(TARGET_NAME)";
				SDKROOT = iphoneos;
				STRING_CATALOG_GENERATE_SYMBOLS = YES;
				SWIFT_ACTIVE_COMPILATION_CONDITIONS = DEBUG;
				SWIFT_OPTIMIZATION_LEVEL = "-Onone";
				SWIFT_VERSION = 5.0;
			};
			name = Debug;
		};
		D64DDA8CE8DD5CEDBC825ACE /* Release */ = {
			isa = XCBuildConfiguration;
			buildSettings = {
				ALWAYS_SEARCH_USER_PATHS = NO;
				CLANG_ANALYZER_NONNULL = YES;
				CLANG_ANALYZER_NUMBER_OBJECT_CONVERSION = YES_AGGRESSIVE;
				CLANG_CXX_LANGUAGE_STANDARD = "gnu++14";
				CLANG_CXX_LIBRARY = "libc++";
				CLANG_ENABLE_MODULES = YES;
				CLANG_ENABLE_OBJC_ARC = YES;
				CLANG_ENABLE_OBJC_WEAK = YES;
				CLANG_WARN_BLOCK_CAPTURE_AUTORELEASING = YES;
				CLANG_WARN_BOOL_CONVERSION = YES;
				CLANG_WARN_COMMA = YES;
				CLANG_WARN_CONSTANT_CONVERSION = YES;
				CLANG_WARN_DEPRECATED_OBJC_IMPLEMENTATIONS = YES;
				CLANG_WARN_DIRECT_OBJC_ISA_USAGE = YES_ERROR;
				CLANG_WARN_DOCUMENTATION_COMMENTS = YES;
				CLANG_WARN_EMPTY_BODY = YES;
				CLANG_WARN_ENUM_CONVERSION = YES;
				CLANG_WARN_INFINITE_RECURSION = YES;
				CLANG_WARN_INT_CONVERSION = YES;
				CLANG_WARN_NON_LITERAL_NULL_CONVERSION = YES;
				CLANG_WARN_OBJC_IMPLICIT_RETAIN_SELF = YES;
				CLANG_WARN_OBJC_LITERAL_CONVERSION = YES;
				CLANG_WARN_OBJC_ROOT_CLASS = YES_ERROR;
				CLANG_WARN_QUOTED_INCLUDE_IN_FRAMEWORK_HEADER = YES;
				CLANG_WARN_RANGE_LOOP_ANALYSIS = YES;
				CLANG_WARN_STRICT_PROTOTYPES = YES;
				CLANG_WARN_SUSPICIOUS_MOVE = YES;
				CLANG_WARN_UNGUARDED_AVAILABILITY = YES_AGGRESSIVE;
				CLANG_WARN_UNREACHABLE_CODE = YES;
				CLANG_WARN__DUPLICATE_METHOD_MATCH = YES;
				COPY_PHASE_STRIP = NO;
				DEBUG_INFORMATION_FORMAT = "dwarf-with-dsym";
				DEVELOPMENT_TEAM = ELD4A89N37;
				ENABLE_NS_ASSERTIONS = NO;
				ENABLE_STRICT_OBJC_MSGSEND = YES;
				ENABLE_USER_SCRIPT_SANDBOXING = YES;
				GCC_C_LANGUAGE_STANDARD = gnu11;
				GCC_NO_COMMON_BLOCKS = YES;
				GCC_WARN_64_TO_32_BIT_CONVERSION = YES;
				GCC_WARN_ABOUT_RETURN_TYPE = YES_ERROR;
				GCC_WARN_UNDECLARED_SELECTOR = YES;
				GCC_WARN_UNINITIALIZED_AUTOS = YES_AGGRESSIVE;
				GCC_WARN_UNUSED_FUNCTION = YES;
				GCC_WARN_UNUSED_VARIABLE = YES;
				IPHONEOS_DEPLOYMENT_TARGET = 17.0;
				MTL_ENABLE_DEBUG_INFO = NO;
				MTL_FAST_MATH = YES;
				PRODUCT_NAME = "$(TARGET_NAME)";
				SDKROOT = iphoneos;
				STRING_CATALOG_GENERATE_SYMBOLS = YES;
				SWIFT_COMPILATION_MODE = wholemodule;
				SWIFT_OPTIMIZATION_LEVEL = "-O";
				SWIFT_VERSION = 5.0;
			};
			name = Release;
		};
/* End XCBuildConfiguration section */

/* Begin XCConfigurationList section */
		090ADB69A2AE48C2F1D6B609 /* Build configuration list for PBXProject "LogLoop" */ = {
			isa = XCConfigurationList;
			buildConfigurations = (
				4E6DBBA5A3165A344EECBB97 /* Debug */,
				D64DDA8CE8DD5CEDBC825ACE /* Release */,
			);
			defaultConfigurationIsVisible = 0;
			defaultConfigurationName = Debug;
		};
		8849CC883168C4AD07EE2A26 /* Build configuration list for PBXNativeTarget "LogLoop" */ = {
			isa = XCConfigurationList;
			buildConfigurations = (
				261FC9AF9C3FF320070C4A82 /* Debug */,
				1C371F3D611517B3F39E8722 /* Release */,
			);
			defaultConfigurationIsVisible = 0;
			defaultConfigurationName = Debug;
		};
/* End XCConfigurationList section */
	};
	rootObject = 397567526B4B672359A3FE72 /* Project object */;
}
